
Microsoft Visual Studio Solution File, Format Version 12.00
# Visual Studio Version 17
VisualStudioVersion = 17.12.35514.174 d17.12
MinimumVisualStudioVersion = 10.0.40219.1
Project("{FAE04EC0-301F-11D3-BF4B-00C04F79EFBC}") = "Ejercicio_DesktopApp", "Ejercicio_DesktopApp\Ejercicio_DesktopApp.csproj", "{56C79814-014F-4C43-80F8-E70A5A53729B}"
EndProject
Project("{FAE04EC0-301F-11D3-BF4B-00C04F79EFBC}") = "Ejercicio1_Models", "Models\Ejercicio1_Models.csproj", "{DE376D4F-C019-487E-9910-9F43829ED8F7}"
EndProject
Project("{FAE04EC0-301F-11D3-BF4B-00C04F79EFBC}") = "Ejercicio3_WebApiApp", "Ejercicio3_WebApiApp\Ejercicio3_WebApiApp.csproj", "{48713712-2F5A-4403-8083-69A33AAA7556}"
EndProject
Global
	GlobalSection(SolutionConfigurationPlatforms) = preSolution
		Debug|Any CPU = Debug|Any CPU
		Release|Any CPU = Release|Any CPU
	EndGlobalSection
	GlobalSection(ProjectConfigurationPlatforms) = postSolution
		{56C79814-014F-4C43-80F8-E70A5A53729B}.Debug|Any CPU.ActiveCfg = Debug|Any CPU
		{56C79814-014F-4C43-80F8-E70A5A53729B}.Debug|Any CPU.Build.0 = Debug|Any CPU
		{56C79814-014F-4C43-80F8-E70A5A53729B}.Release|Any CPU.ActiveCfg = Release|Any CPU
		{56C79814-014F-4C43-80F8-E70A5A53729B}.Release|Any CPU.Build.0 = Release|Any CPU
		{DE376D4F-C019-487E-9910-9F43829ED8F7}.Debug|Any CPU.ActiveCfg = Debug|Any CPU
		{DE376D4F-C019-487E-9910-9F43829ED8F7}.Debug|Any CPU.Build.0 = Debug|Any CPU
		{DE376D4F-C019-487E-9910-9F43829ED8F7}.Release|Any CPU.ActiveCfg = Release|Any CPU
		{DE376D4F-C019-487E-9910-9F43829ED8F7}.Release|Any CPU.Build.0 = Release|Any CPU
		{48713712-2F5A-4403-8083-69A33AAA7556}.Debug|Any CPU.ActiveCfg = Debug|Any CPU
		{48713712-2F5A-4403-8083-69A33AAA7556}.Debug|Any CPU.Build.0 = Debug|Any CPU
		{48713712-2F5A-4403-8083-69A33AAA7556}.Release|Any CPU.ActiveCfg = Release|Any CPU
		{48713712-2F5A-4403-8083-69A33AAA7556}.Release|Any CPU.Build.0 = Release|Any CPU
	EndGlobalSection
	GlobalSection(SolutionProperties) = preSolution
		HideSolutionNode = FALSE
	EndGlobalSection
EndGlobal
